
Microsoft Visual Studio Solution File, Format Version 12.00
# Visual Studio 15
VisualStudioVersion = 15.0.28307.271
MinimumVisualStudioVersion = 10.0.40219.1
Project("{9A19103F-16F7-4668-BE54-9A1E7A4F7556}") = "web", "web.csproj", "{9E5D51E4-791A-41FE-A1B1-977B935B0CC4}"
EndProject
Project("{9A19103F-16F7-4668-BE54-9A1E7A4F7556}") = "mvc", "..\mvc\mvc.csproj", "{D666B714-EC2F-47A5-8DCB-53815752E09B}"
EndProject
Global
	GlobalSection(SolutionConfigurationPlatforms) = preSolution
		Debug|Any CPU = Debug|Any CPU
		Release|Any CPU = Release|Any CPU
	EndGlobalSection
	GlobalSection(ProjectConfigurationPlatforms) = postSolution
		{9E5D51E4-791A-41FE-A1B1-977B935B0CC4}.Debug|Any CPU.ActiveCfg = Debug|Any CPU
		{9E5D51E4-791A-41FE-A1B1-977B935B0CC4}.Debug|Any CPU.Build.0 = Debug|Any CPU
		{9E5D51E4-791A-41FE-A1B1-977B935B0CC4}.Release|Any CPU.ActiveCfg = Release|Any CPU
		{9E5D51E4-791A-41FE-A1B1-977B935B0CC4}.Release|Any CPU.Build.0 = Release|Any CPU
		{D666B714-EC2F-47A5-8DCB-53815752E09B}.Debug|Any CPU.ActiveCfg = Debug|Any CPU
		{D666B714-EC2F-47A5-8DCB-53815752E09B}.Debug|Any CPU.Build.0 = Debug|Any CPU
		{D666B714-EC2F-47A5-8DCB-53815752E09B}.Release|Any CPU.ActiveCfg = Release|Any CPU
		{D666B714-EC2F-47A5-8DCB-53815752E09B}.Release|Any CPU.Build.0 = Release|Any CPU
	EndGlobalSection
	GlobalSection(SolutionProperties) = preSolution
		HideSolutionNode = FALSE
	EndGlobalSection
	GlobalSection(ExtensibilityGlobals) = postSolution
		SolutionGuid = {3756B9DB-E452-4F63-9C99-A6552EAAEC82}
	EndGlobalSection
EndGlobal
